
Microsoft Visual Studio Solution File, Format Version 12.00
# Visual Studio 15
VisualStudioVersion = 15.0.28307.421
MinimumVisualStudioVersion = 10.0.40219.1
Project("{8BC9CEB8-8B4A-11D0-8D11-00A0C91BC942}") = "AudioLibrary", "AudioLibrary\AudioLibrary.vcxproj", "{167D4C53-92AF-47E7-A169-49F8F1A73749}"
EndProject
Project("{FAE04EC0-301F-11D3-BF4B-00C04F79EFBC}") = "SoundEffectToolGUI", "SoundEffectToolGUI\SoundEffectToolGUI.csproj", "{A3E0B2DB-022F-45B4-B11C-A0EEB7F2F099}"
EndProject
Project("{8BC9CEB8-8B4A-11D0-8D11-00A0C91BC942}") = "SoundEffectTool", "SoundEffectTool\SoundEffectTool.vcxproj", "{70BD2C20-0C61-4F2C-BE32-2FC397DE0646}"
EndProject
Project("{8BC9CEB8-8B4A-11D0-8D11-00A0C91BC942}") = "SoundEffectToolVM", "ClassLibrary\ClassLibrary.vcxproj", "{4ABB5C0F-F6AD-4C40-985B-2E6F0338911F}"
EndProject
Global
	GlobalSection(SolutionConfigurationPlatforms) = preSolution
		Debug|x64 = Debug|x64
		Debug|x86 = Debug|x86
		Release|x64 = Release|x64
		Release|x86 = Release|x86
	EndGlobalSection
	GlobalSection(ProjectConfigurationPlatforms) = postSolution
		{167D4C53-92AF-47E7-A169-49F8F1A73749}.Debug|x64.ActiveCfg = Debug|x64
		{167D4C53-92AF-47E7-A169-49F8F1A73749}.Debug|x64.Build.0 = Debug|x64
		{167D4C53-92AF-47E7-A169-49F8F1A73749}.Debug|x86.ActiveCfg = Debug|Win32
		{167D4C53-92AF-47E7-A169-49F8F1A73749}.Debug|x86.Build.0 = Debug|Win32
		{167D4C53-92AF-47E7-A169-49F8F1A73749}.Release|x64.ActiveCfg = Debug|x64
		{167D4C53-92AF-47E7-A169-49F8F1A73749}.Release|x64.Build.0 = Debug|x64
		{167D4C53-92AF-47E7-A169-49F8F1A73749}.Release|x86.ActiveCfg = Debug|Win32
		{167D4C53-92AF-47E7-A169-49F8F1A73749}.Release|x86.Build.0 = Debug|Win32
		{A3E0B2DB-022F-45B4-B11C-A0EEB7F2F099}.Debug|x64.ActiveCfg = Debug|x86
		{A3E0B2DB-022F-45B4-B11C-A0EEB7F2F099}.Debug|x64.Build.0 = Debug|x86
		{A3E0B2DB-022F-45B4-B11C-A0EEB7F2F099}.Debug|x86.ActiveCfg = Debug|x86
		{A3E0B2DB-022F-45B4-B11C-A0EEB7F2F099}.Debug|x86.Build.0 = Debug|x86
		{A3E0B2DB-022F-45B4-B11C-A0EEB7F2F099}.Release|x64.ActiveCfg = Debug|x86
		{A3E0B2DB-022F-45B4-B11C-A0EEB7F2F099}.Release|x64.Build.0 = Debug|x86
		{A3E0B2DB-022F-45B4-B11C-A0EEB7F2F099}.Release|x86.ActiveCfg = Debug|x86
		{A3E0B2DB-022F-45B4-B11C-A0EEB7F2F099}.Release|x86.Build.0 = Debug|x86
		{70BD2C20-0C61-4F2C-BE32-2FC397DE0646}.Debug|x64.ActiveCfg = Debug|x64
		{70BD2C20-0C61-4F2C-BE32-2FC397DE0646}.Debug|x64.Build.0 = Debug|x64
		{70BD2C20-0C61-4F2C-BE32-2FC397DE0646}.Debug|x86.ActiveCfg = Debug|Win32
		{70BD2C20-0C61-4F2C-BE32-2FC397DE0646}.Debug|x86.Build.0 = Debug|Win32
		{70BD2C20-0C61-4F2C-BE32-2FC397DE0646}.Release|x64.ActiveCfg = Debug|x64
		{70BD2C20-0C61-4F2C-BE32-2FC397DE0646}.Release|x64.Build.0 = Debug|x64
		{70BD2C20-0C61-4F2C-BE32-2FC397DE0646}.Release|x86.ActiveCfg = Debug|Win32
		{70BD2C20-0C61-4F2C-BE32-2FC397DE0646}.Release|x86.Build.0 = Debug|Win32
		{4ABB5C0F-F6AD-4C40-985B-2E6F0338911F}.Debug|x64.ActiveCfg = Debug|x64
		{4ABB5C0F-F6AD-4C40-985B-2E6F0338911F}.Debug|x64.Build.0 = Debug|x64
		{4ABB5C0F-F6AD-4C40-985B-2E6F0338911F}.Debug|x86.ActiveCfg = Debug|Win32
		{4ABB5C0F-F6AD-4C40-985B-2E6F0338911F}.Debug|x86.Build.0 = Debug|Win32
		{4ABB5C0F-F6AD-4C40-985B-2E6F0338911F}.Release|x64.ActiveCfg = Debug|x64
		{4ABB5C0F-F6AD-4C40-985B-2E6F0338911F}.Release|x64.Build.0 = Debug|x64
		{4ABB5C0F-F6AD-4C40-985B-2E6F0338911F}.Release|x86.ActiveCfg = Debug|Win32
		{4ABB5C0F-F6AD-4C40-985B-2E6F0338911F}.Release|x86.Build.0 = Debug|Win32
	EndGlobalSection
	GlobalSection(SolutionProperties) = preSolution
		HideSolutionNode = FALSE
	EndGlobalSection
	GlobalSection(ExtensibilityGlobals) = postSolution
		SolutionGuid = {16F748E5-16F2-46BE-B6DA-25049ADF6C68}
	EndGlobalSection
EndGlobal
